
Microsoft Visual Studio Solution File, Format Version 12.00
# Visual Studio Version 17
VisualStudioVersion = 17.14.36301.6 d17.14
MinimumVisualStudioVersion = 10.0.40219.1
Project("{FAE04EC0-301F-11D3-BF4B-00C04F79EFBC}") = "TDGameServer", "TDGameServer\TDGameServer.csproj", "{0CE38A87-1562-4AF9-98C6-25CC8094B65F}"
EndProject
Global
	GlobalSection(SolutionConfigurationPlatforms) = preSolution
		Debug|Any CPU = Debug|Any CPU
		Release|Any CPU = Release|Any CPU
	EndGlobalSection
	GlobalSection(ProjectConfigurationPlatforms) = postSolution
		{0CE38A87-1562-4AF9-98C6-25CC8094B65F}.Debug|Any CPU.ActiveCfg = Debug|Any CPU
		{0CE38A87-1562-4AF9-98C6-25CC8094B65F}.Debug|Any CPU.Build.0 = Debug|Any CPU
		{0CE38A87-1562-4AF9-98C6-25CC8094B65F}.Release|Any CPU.ActiveCfg = Release|Any CPU
		{0CE38A87-1562-4AF9-98C6-25CC8094B65F}.Release|Any CPU.Build.0 = Release|Any CPU
	EndGlobalSection
	GlobalSection(SolutionProperties) = preSolution
		HideSolutionNode = FALSE
	EndGlobalSection
	GlobalSection(ExtensibilityGlobals) = postSolution
		SolutionGuid = {4AF4B6B0-1062-4764-A68B-475B53F324C1}
	EndGlobalSection
EndGlobal
